// !$*UTF8*$!
{
	archiveVersion = 1;
	classes = {
	};
	objectVersion = 50;
	objects = {

/* Begin PBXBuildFile section */
		EC060C3D24B81E1B0052FEF4 /* AppDelegate.swift in Sources */ = {isa = PBXBuildFile; fileRef = EC060C3C24B81E1B0052FEF4 /* AppDelegate.swift */; };
		EC060C3F24B81E1B0052FEF4 /* SceneDelegate.swift in Sources */ = {isa = PBXBuildFile; fileRef = EC060C3E24B81E1B0052FEF4 /* SceneDelegate.swift */; };
		EC060C4424B81E1B0052FEF4 /* Main.storyboard in Resources */ = {isa = PBXBuildFile; fileRef = EC060C4224B81E1B0052FEF4 /* Main.storyboard */; };
		EC060C4624B81E1E0052FEF4 /* Assets.xcassets in Resources */ = {isa = PBXBuildFile; fileRef = EC060C4524B81E1E0052FEF4 /* Assets.xcassets */; };
		EC060C4924B81E1E0052FEF4 /* LaunchScreen.storyboard in Resources */ = {isa = PBXBuildFile; fileRef = EC060C4724B81E1E0052FEF4 /* LaunchScreen.storyboard */; };
		EC060C5124B81E440052FEF4 /* MyCollectionViewController.swift in Sources */ = {isa = PBXBuildFile; fileRef = EC060C5024B81E440052FEF4 /* MyCollectionViewController.swift */; };
		EC060C5524B81E850052FEF4 /* Data.swift in Sources */ = {isa = PBXBuildFile; fileRef = EC060C5424B81E850052FEF4 /* Data.swift */; };
		EC060C5824B820640052FEF4 /* ShowCollectionViewCell.swift in Sources */ = {isa = PBXBuildFile; fileRef = EC060C5724B820640052FEF4 /* ShowCollectionViewCell.swift */; };
/* End PBXBuildFile section */

/* Begin PBXFileReference section */
		EC060C3924B81E1B0052FEF4 /* Gallery.app */ = {isa = PBXFileReference; explicitFileType = wrapper.application; includeInIndex = 0; path = Gallery.app; sourceTree = BUILT_PRODUCTS_DIR; };
		EC060C3C24B81E1B0052FEF4 /* AppDelegate.swift */ = {isa = PBXFileReference; lastKnownFileType = sourcecode.swift; path = AppDelegate.swift; sourceTree = "<group>"; };
		EC060C3E24B81E1B0052FEF4 /* SceneDelegate.swift */ = {isa = PBXFileReference; lastKnownFileType = sourcecode.swift; path = SceneDelegate.swift; sourceTree = "<group>"; };
		EC060C4324B81E1B0052FEF4 /* Base */ = {isa = PBXFileReference; lastKnownFileType = file.storyboard; name = Base; path = Base.lproj/Main.storyboard; sourceTree = "<group>"; };
		EC060C4524B81E1E0052FEF4 /* Assets.xcassets */ = {isa = PBXFileReference; lastKnownFileType = folder.assetcatalog; path = Assets.xcassets; sourceTree = "<group>"; };
		EC060C4824B81E1E0052FEF4 /* Base */ = {isa = PBXFileReference; lastKnownFileType = file.storyboard; name = Base; path = Base.lproj/LaunchScreen.storyboard; sourceTree = "<group>"; };
		EC060C4A24B81E1E0052FEF4 /* Info.plist */ = {isa = PBXFileReference; lastKnownFileType = text.plist.xml; path = Info.plist; sourceTree = "<group>"; };
		EC060C5024B81E440052FEF4 /* MyCollectionViewController.swift */ = {isa = PBXFileReference; lastKnownFileType = sourcecode.swift; path = MyCollectionViewController.swift; sourceTree = "<group>"; };
		EC060C5424B81E850052FEF4 /* Data.swift */ = {isa = PBXFileReference; lastKnownFileType = sourcecode.swift; path = Data.swift; sourceTree = "<group>"; };
		EC060C5724B820640052FEF4 /* ShowCollectionViewCell.swift */ = {isa = PBXFileReference; lastKnownFileType = sourcecode.swift; path = ShowCollectionViewCell.swift; sourceTree = "<group>"; };
/* End PBXFileReference section */

/* Begin PBXFrameworksBuildPhase section */
		EC060C3624B81E1B0052FEF4 /* Frameworks */ = {
			isa = PBXFrameworksBuildPhase;
			buildActionMask = 2147483647;
			files = (
			);
			runOnlyForDeploymentPostprocessing = 0;
		};
/* End PBXFrameworksBuildPhase section */

/* Begin PBXGroup section */
		EC060C3024B81E1B0052FEF4 = {
			isa = PBXGroup;
			children = (
				EC060C3B24B81E1B0052FEF4 /* Gallery */,
				EC060C3A24B81E1B0052FEF4 /* Products */,
			);
			sourceTree = "<group>";
		};
		EC060C3A24B81E1B0052FEF4 /* Products */ = {
			isa = PBXGroup;
			children = (
				EC060C3924B81E1B0052FEF4 /* Gallery.app */,
			);
			name = Products;
			sourceTree = "<group>";
		};
		EC060C3B24B81E1B0052FEF4 /* Gallery */ = {
			isa = PBXGroup;
			children = (
				EC060C3C24B81E1B0052FEF4 /* AppDelegate.swift */,
				EC060C3E24B81E1B0052FEF4 /* SceneDelegate.swift */,
				EC060C4524B81E1E0052FEF4 /* Assets.xcassets */,
				EC060C4724B81E1E0052FEF4 /* LaunchScreen.storyboard */,
				EC060C4A24B81E1E0052FEF4 /* Info.plist */,
				EC060C5624B81E8C0052FEF4 /* Model */,
				EC060C5324B81E7B0052FEF4 /* View */,
				EC060C5224B81E720052FEF4 /* Controllers */,
			);
			path = Gallery;
			sourceTree = "<group>";
		};
		EC060C5224B81E720052FEF4 /* Controllers */ = {
			isa = PBXGroup;
			children = (
				EC060C5024B81E440052FEF4 /* MyCollectionViewController.swift */,
				EC060C5724B820640052FEF4 /* ShowCollectionViewCell.swift */,
			);
			path = Controllers;
			sourceTree = "<group>";
		};
		EC060C5324B81E7B0052FEF4 /* View */ = {
			isa = PBXGroup;
			children = (
				EC060C4224B81E1B0052FEF4 /* Main.storyboard */,
			);
			path = View;
			sourceTree = "<group>";
		};
		EC060C5624B81E8C0052FEF4 /* Model */ = {
			isa = PBXGroup;
			children = (
				EC060C5424B81E850052FEF4 /* Data.swift */,
			);
			path = Model;
			sourceTree = "<group>";
		};
/* End PBXGroup section */

/* Begin PBXNativeTarget section */
		EC060C3824B81E1B0052FEF4 /* Gallery */ = {
			isa = PBXNativeTarget;
			buildConfigurationList = EC060C4D24B81E1E0052FEF4 /* Build configuration list for PBXNativeTarget "Gallery" */;
			buildPhases = (
				EC060C3524B81E1B0052FEF4 /* Sources */,
				EC060C3624B81E1B0052FEF4 /* Frameworks */,
				EC060C3724B81E1B0052FEF4 /* Resources */,
			);
			buildRules = (
			);
			dependencies = (
			);
			name = Gallery;
			productName = Gallery;
			productReference = EC060C3924B81E1B0052FEF4 /* Gallery.app */;
			productType = "com.apple.product-type.application";
		};
/* End PBXNativeTarget section */

/* Begin PBXProject section */
		EC060C3124B81E1B0052FEF4 /* Project object */ = {
			isa = PBXProject;
			attributes = {
				LastSwiftUpdateCheck = 1150;
				LastUpgradeCheck = 1150;
				ORGANIZATIONNAME = Adithep;
				TargetAttributes = {
					EC060C3824B81E1B0052FEF4 = {
						CreatedOnToolsVersion = 11.5;
					};
				};
			};
			buildConfigurationList = EC060C3424B81E1B0052FEF4 /* Build configuration list for PBXProject "Gallery" */;
			compatibilityVersion = "Xcode 9.3";
			developmentRegion = en;
			hasScannedForEncodings = 0;
			knownRegions = (
				en,
				Base,
			);
			mainGroup = EC060C3024B81E1B0052FEF4;
			productRefGroup = EC060C3A24B81E1B0052FEF4 /* Products */;
			projectDirPath = "";
			projectRoot = "";
			targets = (
				EC060C3824B81E1B0052FEF4 /* Gallery */,
			);
		};
/* End PBXProject section */

/* Begin PBXResourcesBuildPhase section */
		EC060C3724B81E1B0052FEF4 /* Resources */ = {
			isa = PBXResourcesBuildPhase;
			buildActionMask = 2147483647;
			files = (
				EC060C4924B81E1E0052FEF4 /* LaunchScreen.storyboard in Resources */,
				EC060C4624B81E1E0052FEF4 /* Assets.xcassets in Resources */,
				EC060C4424B81E1B0052FEF4 /* Main.storyboard in Resources */,
			);
			runOnlyForDeploymentPostprocessing = 0;
		};
/* End PBXResourcesBuildPhase section */

/* Begin PBXSourcesBuildPhase section */
		EC060C3524B81E1B0052FEF4 /* Sources */ = {
			isa = PBXSourcesBuildPhase;
			buildActionMask = 2147483647;
			files = (
				EC060C3D24B81E1B0052FEF4 /* AppDelegate.swift in Sources */,
				EC060C3F24B81E1B0052FEF4 /* SceneDelegate.swift in Sources */,
				EC060C5124B81E440052FEF4 /* MyCollectionViewController.swift in Sources */,
				EC060C5524B81E850052FEF4 /* Data.swift in Sources */,
				EC060C5824B820640052FEF4 /* ShowCollectionViewCell.swift in Sources */,
			);
			runOnlyForDeploymentPostprocessing = 0;
		};
/* End PBXSourcesBuildPhase section */

/* Begin PBXVariantGroup section */
		EC060C4224B81E1B0052FEF4 /* Main.storyboard */ = {
			isa = PBXVariantGroup;
			children = (
				EC060C4324B81E1B0052FEF4 /* Base */,
			);
			name = Main.storyboard;
			sourceTree = "<group>";
		};
		EC060C4724B81E1E0052FEF4 /* LaunchScreen.storyboard */ = {
			isa = PBXVariantGroup;
			children = (
				EC060C4824B81E1E0052FEF4 /* Base */,
			);
			name = LaunchScreen.storyboard;
			sourceTree = "<group>";
		};
/* End PBXVariantGroup section */

/* Begin XCBuildConfiguration section */
		EC060C4B24B81E1E0052FEF4 /* Debug */ = {
			isa = XCBuildConfiguration;
			buildSettings = {
				ALWAYS_SEARCH_USER_PATHS = NO;
				CLANG_ANALYZER_NONNULL = YES;
				CLANG_ANALYZER_NUMBER_OBJECT_CONVERSION = YES_AGGRESSIVE;
				CLANG_CXX_LANGUAGE_STANDARD = "gnu++14";
				CLANG_CXX_LIBRARY = "libc++";
				CLANG_ENABLE_MODULES = YES;
				CLANG_ENABLE_OBJC_ARC = YES;
				CLANG_ENABLE_OBJC_WEAK = YES;
				CLANG_WARN_BLOCK_CAPTURE_AUTORELEASING = YES;
				CLANG_WARN_BOOL_CONVERSION = YES;
				CLANG_WARN_COMMA = YES;
				CLANG_WARN_CONSTANT_CONVERSION = YES;
				CLANG_WARN_DEPRECATED_OBJC_IMPLEMENTATIONS = YES;
				CLANG_WARN_DIRECT_OBJC_ISA_USAGE = YES_ERROR;
				CLANG_WARN_DOCUMENTATION_COMMENTS = YES;
				CLANG_WARN_EMPTY_BODY = YES;
				CLANG_WARN_ENUM_CONVERSION = YES;
				CLANG_WARN_INFINITE_RECURSION = YES;
				CLANG_WARN_INT_CONVERSION = YES;
				CLANG_WARN_NON_LITERAL_NULL_CONVERSION = YES;
				CLANG_WARN_OBJC_IMPLICIT_RETAIN_SELF = YES;
				CLANG_WARN_OBJC_LITERAL_CONVERSION = YES;
				CLANG_WARN_OBJC_ROOT_CLASS = YES_ERROR;
				CLANG_WARN_RANGE_LOOP_ANALYSIS = YES;
				CLANG_WARN_STRICT_PROTOTYPES = YES;
				CLANG_WARN_SUSPICIOUS_MOVE = YES;
				CLANG_WARN_UNGUARDED_AVAILABILITY = YES_AGGRESSIVE;
				CLANG_WARN_UNREACHABLE_CODE = YES;
				CLANG_WARN__DUPLICATE_METHOD_MATCH = YES;
				COPY_PHASE_STRIP = NO;
				DEBUG_INFORMATION_FORMAT = dwarf;
				ENABLE_STRICT_OBJC_MSGSEND = YES;
				ENABLE_TESTABILITY = YES;
				GCC_C_LANGUAGE_STANDARD = gnu11;
				GCC_DYNAMIC_NO_PIC = NO;
				GCC_NO_COMMON_BLOCKS = YES;
				GCC_OPTIMIZATION_LEVEL = 0;
				GCC_PREPROCESSOR_DEFINITIONS = (
					"DEBUG=1",
					"$(inherited)",
				);
				GCC_WARN_64_TO_32_BIT_CONVERSION = YES;
				GCC_WARN_ABOUT_RETURN_TYPE = YES_ERROR;
				GCC_WARN_UNDECLARED_SELECTOR = YES;
				GCC_WARN_UNINITIALIZED_AUTOS = YES_AGGRESSIVE;
				GCC_WARN_UNUSED_FUNCTION = YES;
				GCC_WARN_UNUSED_VARIABLE = YES;
				IPHONEOS_DEPLOYMENT_TARGET = 13.5;
				MTL_ENABLE_DEBUG_INFO = INCLUDE_SOURCE;
				MTL_FAST_MATH = YES;
				ONLY_ACTIVE_ARCH = YES;
				SDKROOT = iphoneos;
				SWIFT_ACTIVE_COMPILATION_CONDITIONS = DEBUG;
				SWIFT_OPTIMIZATION_LEVEL = "-Onone";
			};
			name = Debug;
		};
		EC060C4C24B81E1E0052FEF4 /* Release */ = {
			isa = XCBuildConfiguration;
			buildSettings = {
				ALWAYS_SEARCH_USER_PATHS = NO;
				CLANG_ANALYZER_NONNULL = YES;
				CLANG_ANALYZER_NUMBER_OBJECT_CONVERSION = YES_AGGRESSIVE;
				CLANG_CXX_LANGUAGE_STANDARD = "gnu++14";
				CLANG_CXX_LIBRARY = "libc++";
				CLANG_ENABLE_MODULES = YES;
				CLANG_ENABLE_OBJC_ARC = YES;
				CLANG_ENABLE_OBJC_WEAK = YES;
				CLANG_WARN_BLOCK_CAPTURE_AUTORELEASING = YES;
				CLANG_WARN_BOOL_CONVERSION = YES;
				CLANG_WARN_COMMA = YES;
				CLANG_WARN_CONSTANT_CONVERSION = YES;
				CLANG_WARN_DEPRECATED_OBJC_IMPLEMENTATIONS = YES;
				CLANG_WARN_DIRECT_OBJC_ISA_USAGE = YES_ERROR;
				CLANG_WARN_DOCUMENTATION_COMMENTS = YES;
				CLANG_WARN_EMPTY_BODY = YES;
				CLANG_WARN_ENUM_CONVERSION = YES;
				CLANG_WARN_INFINITE_RECURSION = YES;
				CLANG_WARN_INT_CONVERSION = YES;
				CLANG_WARN_NON_LITERAL_NULL_CONVERSION = YES;
				CLANG_WARN_OBJC_IMPLICIT_RETAIN_SELF = YES;
				CLANG_WARN_OBJC_LITERAL_CONVERSION = YES;
				CLANG_WARN_OBJC_ROOT_CLASS = YES_ERROR;
				CLANG_WARN_RANGE_LOOP_ANALYSIS = YES;
				CLANG_WARN_STRICT_PROTOTYPES = YES;
				CLANG_WARN_SUSPICIOUS_MOVE = YES;
				CLANG_WARN_UNGUARDED_AVAILABILITY = YES_AGGRESSIVE;
				CLANG_WARN_UNREACHABLE_CODE = YES;
				CLANG_WARN__DUPLICATE_METHOD_MATCH = YES;
				COPY_PHASE_STRIP = NO;
				DEBUG_INFORMATION_FORMAT = "dwarf-with-dsym";
				ENABLE_NS_ASSERTIONS = NO;
				ENABLE_STRICT_OBJC_MSGSEND = YES;
				GCC_C_LANGUAGE_STANDARD = gnu11;
				GCC_NO_COMMON_BLOCKS = YES;
				GCC_WARN_64_TO_32_BIT_CONVERSION = YES;
				GCC_WARN_ABOUT_RETURN_TYPE = YES_ERROR;
				GCC_WARN_UNDECLARED_SELECTOR = YES;
				GCC_WARN_UNINITIALIZED_AUTOS = YES_AGGRESSIVE;
				GCC_WARN_UNUSED_FUNCTION = YES;
				GCC_WARN_UNUSED_VARIABLE = YES;
				IPHONEOS_DEPLOYMENT_TARGET = 13.5;
				MTL_ENABLE_DEBUG_INFO = NO;
				MTL_FAST_MATH = YES;
				SDKROOT = iphoneos;
				SWIFT_COMPILATION_MODE = wholemodule;
				SWIFT_OPTIMIZATION_LEVEL = "-O";
				VALIDATE_PRODUCT = YES;
			};
			name = Release;
		};
		EC060C4E24B81E1E0052FEF4 /* Debug */ = {
			isa = XCBuildConfiguration;
			buildSettings = {
				ASSETCATALOG_COMPILER_APPICON_NAME = AppIcon;
				CODE_SIGN_STYLE = Automatic;
				DEVELOPMENT_TEAM = F9SX4DBXL5;
				INFOPLIST_FILE = Gallery/Info.plist;
				LD_RUNPATH_SEARCH_PATHS = (
					"$(inherited)",
					"@executable_path/Frameworks",
				);
				PRODUCT_BUNDLE_IDENTIFIER = Jungjaluenchisuk.Gallery;
				PRODUCT_NAME = "$(TARGET_NAME)";
				SWIFT_VERSION = 5.0;
				TARGETED_DEVICE_FAMILY = "1,2";
			};
			name = Debug;
		};
		EC060C4F24B81E1E0052FEF4 /* Release */ = {
			isa = XCBuildConfiguration;
			buildSettings = {
				ASSETCATALOG_COMPILER_APPICON_NAME = AppIcon;
				CODE_SIGN_STYLE = Automatic;
				DEVELOPMENT_TEAM = F9SX4DBXL5;
				INFOPLIST_FILE = Gallery/Info.plist;
				LD_RUNPATH_SEARCH_PATHS = (
					"$(inherited)",
					"@executable_path/Frameworks",
				);
				PRODUCT_BUNDLE_IDENTIFIER = Jungjaluenchisuk.Gallery;
				PRODUCT_NAME = "$(TARGET_NAME)";
				SWIFT_VERSION = 5.0;
				TARGETED_DEVICE_FAMILY = "1,2";
			};
			name = Release;
		};
/* End XCBuildConfiguration section */

/* Begin XCConfigurationList section */
		EC060C3424B81E1B0052FEF4 /* Build configuration list for PBXProject "Gallery" */ = {
			isa = XCConfigurationList;
			buildConfigurations = (
				EC060C4B24B81E1E0052FEF4 /* Debug */,
				EC060C4C24B81E1E0052FEF4 /* Release */,
			);
			defaultConfigurationIsVisible = 0;
			defaultConfigurationName = Release;
		};
		EC060C4D24B81E1E0052FEF4 /* Build configuration list for PBXNativeTarget "Gallery" */ = {
			isa = XCConfigurationList;
			buildConfigurations = (
				EC060C4E24B81E1E0052FEF4 /* Debug */,
				EC060C4F24B81E1E0052FEF4 /* Release */,
			);
			defaultConfigurationIsVisible = 0;
			defaultConfigurationName = Release;
		};
/* End XCConfigurationList section */
	};
	rootObject = EC060C3124B81E1B0052FEF4 /* Project object */;
}
